
Microsoft Visual Studio Solution File, Format Version 12.00
# Visual Studio Version 17
VisualStudioVersion = 17.3.32901.215
MinimumVisualStudioVersion = 10.0.40219.1
Project("{FAE04EC0-301F-11D3-BF4B-00C04F79EFBC}") = "NewsAPI", "NewsAPI\NewsAPI.csproj", "{BE227553-9551-4618-861D-5F21C80A888A}"
EndProject
Global
	GlobalSection(SolutionConfigurationPlatforms) = preSolution
		Debug|Any CPU = Debug|Any CPU
		Release|Any CPU = Release|Any CPU
	EndGlobalSection
	GlobalSection(ProjectConfigurationPlatforms) = postSolution
		{BE227553-9551-4618-861D-5F21C80A888A}.Debug|Any CPU.ActiveCfg = Debug|Any CPU
		{BE227553-9551-4618-861D-5F21C80A888A}.Debug|Any CPU.Build.0 = Debug|Any CPU
		{BE227553-9551-4618-861D-5F21C80A888A}.Release|Any CPU.ActiveCfg = Release|Any CPU
		{BE227553-9551-4618-861D-5F21C80A888A}.Release|Any CPU.Build.0 = Release|Any CPU
	EndGlobalSection
	GlobalSection(SolutionProperties) = preSolution
		HideSolutionNode = FALSE
	EndGlobalSection
	GlobalSection(ExtensibilityGlobals) = postSolution
		SolutionGuid = {322C7AB2-023E-479A-8F09-2732E7C6C56C}
	EndGlobalSection
EndGlobal
